{
  "name": "chance",
  "lockfileVersion": 2,
  "requires": true,
  "packages": {
    "": {
      "hasInstallScript": true,
      "dependencies": {
        "--legacy-peer-deps": "^0.0.1-security.6"
      }
    },
    "node_modules/--legacy-peer-deps": {
      "version": "0.0.1-security.6",
      "resolved": "https://registry.npmjs.org/--legacy-peer-deps/-/--legacy-peer-deps-0.0.1-security.6.tgz",
      "integrity": "sha512-XZRouUfTdRV+oK60sCl2YVVLnNWvpiDdb6zteLOrdnYXhYM2SzHVkMBCYTeCV7cmSaI+xD0WGtJgvj7ym4chwg=="
    }
  },
  "dependencies": {
    "--legacy-peer-deps": {
      "version": "0.0.1-security.6",
      "resolved": "https://registry.npmjs.org/--legacy-peer-deps/-/--legacy-peer-deps-0.0.1-security.6.tgz",
      "integrity": "sha512-XZRouUfTdRV+oK60sCl2YVVLnNWvpiDdb6zteLOrdnYXhYM2SzHVkMBCYTeCV7cmSaI+xD0WGtJgvj7ym4chwg=="
    }
  }
}
